
Microsoft Visual Studio Solution File, Format Version 11.00
# Visual Studio 2010
Project("{EDCC3B85-0BAD-11DB-BC1A-00112FDE8B61}") = "Parser-VS_2010", "Parser\Parser-VS_2010.nproj", "{4E951655-3DFF-4737-A348-0779570F48C0}"
EndProject
Project("{EDCC3B85-0BAD-11DB-BC1A-00112FDE8B61}") = "TinyAcc-VS_2010", "TinyAcc\TinyAcc-VS_2010.nproj", "{FBDDD4EE-0D10-4DD6-A8AF-213FAC1834EE}"
EndProject
Global
	GlobalSection(SolutionConfigurationPlatforms) = preSolution
		Debug|Any CPU = Debug|Any CPU
		Release|Any CPU = Release|Any CPU
	EndGlobalSection
	GlobalSection(ProjectConfigurationPlatforms) = postSolution
		{4E951655-3DFF-4737-A348-0779570F48C0}.Debug|Any CPU.ActiveCfg = Debug|Any CPU
		{4E951655-3DFF-4737-A348-0779570F48C0}.Debug|Any CPU.Build.0 = Debug|Any CPU
		{4E951655-3DFF-4737-A348-0779570F48C0}.Release|Any CPU.ActiveCfg = Release|Any CPU
		{4E951655-3DFF-4737-A348-0779570F48C0}.Release|Any CPU.Build.0 = Release|Any CPU
		{FBDDD4EE-0D10-4DD6-A8AF-213FAC1834EE}.Debug|Any CPU.ActiveCfg = Debug|Any CPU
		{FBDDD4EE-0D10-4DD6-A8AF-213FAC1834EE}.Debug|Any CPU.Build.0 = Debug|Any CPU
		{FBDDD4EE-0D10-4DD6-A8AF-213FAC1834EE}.Release|Any CPU.ActiveCfg = Release|Any CPU
		{FBDDD4EE-0D10-4DD6-A8AF-213FAC1834EE}.Release|Any CPU.Build.0 = Release|Any CPU
	EndGlobalSection
	GlobalSection(SolutionProperties) = preSolution
		HideSolutionNode = FALSE
	EndGlobalSection
EndGlobal
